
Microsoft Visual Studio Solution File, Format Version 12.00
Project("{FAE04EC0-301F-11D3-BF4B-00C04F79EFBC}") = "advent", "advent.csproj", "{DAC1D37F-4336-4873-BB01-81BEA4613E06}"
EndProject
Global
	GlobalSection(SolutionConfigurationPlatforms) = preSolution
		Debug|Any CPU = Debug|Any CPU
		Release|Any CPU = Release|Any CPU
	EndGlobalSection
	GlobalSection(ProjectConfigurationPlatforms) = postSolution
		{DAC1D37F-4336-4873-BB01-81BEA4613E06}.Debug|Any CPU.ActiveCfg = Debug|Any CPU
		{DAC1D37F-4336-4873-BB01-81BEA4613E06}.Debug|Any CPU.Build.0 = Debug|Any CPU
		{DAC1D37F-4336-4873-BB01-81BEA4613E06}.Release|Any CPU.ActiveCfg = Release|Any CPU
		{DAC1D37F-4336-4873-BB01-81BEA4613E06}.Release|Any CPU.Build.0 = Release|Any CPU
	EndGlobalSection
EndGlobal
